{
  "requires": true,
  "lockfileVersion": 1,
  "dependencies": {
    "@molteni/export-csv": {
      "version": "0.0.8",
      "resolved": "https://registry.npmjs.org/@molteni/export-csv/-/export-csv-0.0.8.tgz",
      "integrity": "sha512-4YrZ9C+HczsYIKTiCTgbKapliCH7I9QYJxDX25ZNq3xRFezidtQp+W+9/Bh/6Q4SY2kxjcTqyMUGJ+PTdGUMJA=="
    }
  }
}
